
Microsoft Visual Studio Solution File, Format Version 12.00
# Visual Studio Version 16
VisualStudioVersion = 16.0.31205.134
MinimumVisualStudioVersion = 10.0.40219.1
Project("{FAE04EC0-301F-11D3-BF4B-00C04F79EFBC}") = "YHealthy", "YHealthy\YHealthy.csproj", "{7F029CF2-88AA-4622-97CE-3C7072EE48AF}"
EndProject
Global
	GlobalSection(SolutionConfigurationPlatforms) = preSolution
		Debug|Any CPU = Debug|Any CPU
		Release|Any CPU = Release|Any CPU
	EndGlobalSection
	GlobalSection(ProjectConfigurationPlatforms) = postSolution
		{7F029CF2-88AA-4622-97CE-3C7072EE48AF}.Debug|Any CPU.ActiveCfg = Debug|Any CPU
		{7F029CF2-88AA-4622-97CE-3C7072EE48AF}.Debug|Any CPU.Build.0 = Debug|Any CPU
		{7F029CF2-88AA-4622-97CE-3C7072EE48AF}.Release|Any CPU.ActiveCfg = Release|Any CPU
		{7F029CF2-88AA-4622-97CE-3C7072EE48AF}.Release|Any CPU.Build.0 = Release|Any CPU
	EndGlobalSection
	GlobalSection(SolutionProperties) = preSolution
		HideSolutionNode = FALSE
	EndGlobalSection
	GlobalSection(ExtensibilityGlobals) = postSolution
		SolutionGuid = {0DF3B847-E615-420B-8B05-33C34DCDEFA0}
	EndGlobalSection
EndGlobal
